
Microsoft Visual Studio Solution File, Format Version 12.00
# Visual Studio Version 17
VisualStudioVersion = 17.6.33829.357
MinimumVisualStudioVersion = 10.0.40219.1
Project("{FAE04EC0-301F-11D3-BF4B-00C04F79EFBC}") = "StudentCRUD", "StudentCRUD\StudentCRUD.csproj", "{757E7E8D-A64B-4E61-819E-2650438BF379}"
EndProject
Global
	GlobalSection(SolutionConfigurationPlatforms) = preSolution
		Debug|Any CPU = Debug|Any CPU
		Release|Any CPU = Release|Any CPU
	EndGlobalSection
	GlobalSection(ProjectConfigurationPlatforms) = postSolution
		{757E7E8D-A64B-4E61-819E-2650438BF379}.Debug|Any CPU.ActiveCfg = Debug|Any CPU
		{757E7E8D-A64B-4E61-819E-2650438BF379}.Debug|Any CPU.Build.0 = Debug|Any CPU
		{757E7E8D-A64B-4E61-819E-2650438BF379}.Release|Any CPU.ActiveCfg = Release|Any CPU
		{757E7E8D-A64B-4E61-819E-2650438BF379}.Release|Any CPU.Build.0 = Release|Any CPU
	EndGlobalSection
	GlobalSection(SolutionProperties) = preSolution
		HideSolutionNode = FALSE
	EndGlobalSection
	GlobalSection(ExtensibilityGlobals) = postSolution
		SolutionGuid = {70F8A722-E101-440D-81CE-FFE78D73FF02}
	EndGlobalSection
EndGlobal
